
Microsoft Visual Studio Solution File, Format Version 12.00
# Visual Studio Version 16
VisualStudioVersion = 16.0.32106.194
MinimumVisualStudioVersion = 10.0.40219.1
Project("{9A19103F-16F7-4668-BE54-9A1E7A4F7556}") = "ConsoleApplicationAppTest", "ConsoleApplicationAppTest\ConsoleApplicationAppTest.csproj", "{220DC16E-06EF-44C1-92F7-065401153F1D}"
EndProject
Project("{FAE04EC0-301F-11D3-BF4B-00C04F79EFBC}") = "Valid.Biometric.FindFingerprintYoloTinyV4", "Valid.Biometric.FindFingerprintYoloTinyV4\Valid.Biometric.FindFingerprintYoloTinyV4.csproj", "{478B8EBB-7770-4612-8141-A36E2983C9DE}"
EndProject
Project("{FAE04EC0-301F-11D3-BF4B-00C04F79EFBC}") = "Valid.Biometric.FindFingerprintYoloTinyV4NetCore", "Valid.Biometric.FindFingerprintYoloTinyV4NetCore\Valid.Biometric.FindFingerprintYoloTinyV4NetCore.csproj", "{47643749-6099-4789-85EF-112351E15FFD}"
EndProject
Global
	GlobalSection(SolutionConfigurationPlatforms) = preSolution
		Debug|Any CPU = Debug|Any CPU
		Release|Any CPU = Release|Any CPU
	EndGlobalSection
	GlobalSection(ProjectConfigurationPlatforms) = postSolution
		{220DC16E-06EF-44C1-92F7-065401153F1D}.Debug|Any CPU.ActiveCfg = Debug|Any CPU
		{220DC16E-06EF-44C1-92F7-065401153F1D}.Debug|Any CPU.Build.0 = Debug|Any CPU
		{220DC16E-06EF-44C1-92F7-065401153F1D}.Release|Any CPU.ActiveCfg = Release|Any CPU
		{220DC16E-06EF-44C1-92F7-065401153F1D}.Release|Any CPU.Build.0 = Release|Any CPU
		{478B8EBB-7770-4612-8141-A36E2983C9DE}.Debug|Any CPU.ActiveCfg = Debug|Any CPU
		{478B8EBB-7770-4612-8141-A36E2983C9DE}.Debug|Any CPU.Build.0 = Debug|Any CPU
		{478B8EBB-7770-4612-8141-A36E2983C9DE}.Release|Any CPU.ActiveCfg = Release|Any CPU
		{478B8EBB-7770-4612-8141-A36E2983C9DE}.Release|Any CPU.Build.0 = Release|Any CPU
		{47643749-6099-4789-85EF-112351E15FFD}.Debug|Any CPU.ActiveCfg = Debug|Any CPU
		{47643749-6099-4789-85EF-112351E15FFD}.Debug|Any CPU.Build.0 = Debug|Any CPU
		{47643749-6099-4789-85EF-112351E15FFD}.Release|Any CPU.ActiveCfg = Release|Any CPU
		{47643749-6099-4789-85EF-112351E15FFD}.Release|Any CPU.Build.0 = Release|Any CPU
	EndGlobalSection
	GlobalSection(SolutionProperties) = preSolution
		HideSolutionNode = FALSE
	EndGlobalSection
	GlobalSection(ExtensibilityGlobals) = postSolution
		SolutionGuid = {B106A402-A4FB-44BE-ACCF-21D77D502480}
	EndGlobalSection
EndGlobal
